// !$*UTF8*$!
{
	archiveVersion = 1;
	classes = {
	};
	objectVersion = 50;
	objects = {

/* Begin PBXBuildFile section */
		231B3C39217FA13C00DA62DB /* RoundImageView.swift in Sources */ = {isa = PBXBuildFile; fileRef = 231B3C38217FA13C00DA62DB /* RoundImageView.swift */; };
		231B3C3F217FA44B00DA62DB /* FundsModule.swift in Sources */ = {isa = PBXBuildFile; fileRef = 231B3C3E217FA44B00DA62DB /* FundsModule.swift */; };
		231B3C43217FA56D00DA62DB /* FundsView.swift in Sources */ = {isa = PBXBuildFile; fileRef = 231B3C42217FA56D00DA62DB /* FundsView.swift */; };
		231B3C47217FA9E200DA62DB /* ViewHolder.swift in Sources */ = {isa = PBXBuildFile; fileRef = 231B3C46217FA9E200DA62DB /* ViewHolder.swift */; };
		233A99F6216FDDEC000A5F88 /* FundsTableViewCell.swift in Sources */ = {isa = PBXBuildFile; fileRef = 233A99F5216FDDEC000A5F88 /* FundsTableViewCell.swift */; };
		233A9A0E21712434000A5F88 /* UnderlinedTextField.swift in Sources */ = {isa = PBXBuildFile; fileRef = 233A9A0D21712434000A5F88 /* UnderlinedTextField.swift */; };
		233A9A122171DCAA000A5F88 /* SwiftyBeaver.framework in Frameworks */ = {isa = PBXBuildFile; fileRef = 2362A4C52167B720000C8046 /* SwiftyBeaver.framework */; };
		233A9A132171DCAA000A5F88 /* SwiftyBeaver.framework in Embed Frameworks */ = {isa = PBXBuildFile; fileRef = 2362A4C52167B720000C8046 /* SwiftyBeaver.framework */; settings = {ATTRIBUTES = (CodeSignOnCopy, RemoveHeadersOnCopy, ); }; };
		233A9A182171DCC9000A5F88 /* SnapKit.framework in Embed Frameworks */ = {isa = PBXBuildFile; fileRef = 233A9A152171DCB9000A5F88 /* SnapKit.framework */; settings = {ATTRIBUTES = (CodeSignOnCopy, RemoveHeadersOnCopy, ); }; };
		2362A4D02167F538000C8046 /* Presentable.swift in Sources */ = {isa = PBXBuildFile; fileRef = 2362A4CF2167F538000C8046 /* Presentable.swift */; };
		2362A4D32167F8AA000C8046 /* Routable.swift in Sources */ = {isa = PBXBuildFile; fileRef = 2362A4D22167F8AA000C8046 /* Routable.swift */; };
		2362A4D52167FACB000C8046 /* Coordinator.swift in Sources */ = {isa = PBXBuildFile; fileRef = 2362A4D42167FACB000C8046 /* Coordinator.swift */; };
		2362A4D82167FB22000C8046 /* BaseCoordinator.swift in Sources */ = {isa = PBXBuildFile; fileRef = 2362A4D72167FB22000C8046 /* BaseCoordinator.swift */; };
		2362A4DA2167FDE6000C8046 /* AppRouter.swift in Sources */ = {isa = PBXBuildFile; fileRef = 2362A4D92167FDE6000C8046 /* AppRouter.swift */; };
		2362A4DC2168069D000C8046 /* NavigationRouter.swift in Sources */ = {isa = PBXBuildFile; fileRef = 2362A4DB2168069D000C8046 /* NavigationRouter.swift */; };
		2362A4E321689DD3000C8046 /* ApiTarget.swift in Sources */ = {isa = PBXBuildFile; fileRef = 2362A4E221689DD3000C8046 /* ApiTarget.swift */; };
		2362A4E521689E75000C8046 /* HTTPMethod.swift in Sources */ = {isa = PBXBuildFile; fileRef = 2362A4E421689E75000C8046 /* HTTPMethod.swift */; };
		2362A4EB216A0E00000C8046 /* Mapper.swift in Sources */ = {isa = PBXBuildFile; fileRef = 2362A4EA216A0E00000C8046 /* Mapper.swift */; };
		2362A4F1216A3171000C8046 /* ApiRequester.swift in Sources */ = {isa = PBXBuildFile; fileRef = 2362A4F0216A3171000C8046 /* ApiRequester.swift */; };
		2362A4F5216A339A000C8046 /* Log.swift in Sources */ = {isa = PBXBuildFile; fileRef = 2362A4F4216A339A000C8046 /* Log.swift */; };
		2362A4F8216A33D5000C8046 /* ApiError.swift in Sources */ = {isa = PBXBuildFile; fileRef = 2362A4F7216A33D5000C8046 /* ApiError.swift */; };
		2362A4FB216A3499000C8046 /* LocalizedString.swift in Sources */ = {isa = PBXBuildFile; fileRef = 2362A4FA216A3499000C8046 /* LocalizedString.swift */; };
		2362A4FE216A35DC000C8046 /* JsonObjectMapper.swift in Sources */ = {isa = PBXBuildFile; fileRef = 2362A4FD216A35DC000C8046 /* JsonObjectMapper.swift */; };
		2362A501216A3916000C8046 /* ApiService.swift in Sources */ = {isa = PBXBuildFile; fileRef = 2362A500216A3916000C8046 /* ApiService.swift */; };
		2362A506216A3DB2000C8046 /* Config.plist in Resources */ = {isa = PBXBuildFile; fileRef = 2362A505216A3DB2000C8046 /* Config.plist */; };
		2362A509216A3E76000C8046 /* Configurator.swift in Sources */ = {isa = PBXBuildFile; fileRef = 2362A508216A3E76000C8046 /* Configurator.swift */; };
		2362A50B216A3F09000C8046 /* ConfigService.swift in Sources */ = {isa = PBXBuildFile; fileRef = 2362A50A216A3F09000C8046 /* ConfigService.swift */; };
		2362A515216A462D000C8046 /* URLRequest+Encoding.swift in Sources */ = {isa = PBXBuildFile; fileRef = 2362A514216A462D000C8046 /* URLRequest+Encoding.swift */; };
		2362A51C216A5FB7000C8046 /* FundsType.swift in Sources */ = {isa = PBXBuildFile; fileRef = 2362A51B216A5FB7000C8046 /* FundsType.swift */; };
		2362A51E216A60CB000C8046 /* Funds.swift in Sources */ = {isa = PBXBuildFile; fileRef = 2362A51D216A60CB000C8046 /* Funds.swift */; };
		2362A521216A6297000C8046 /* FundsService.swift in Sources */ = {isa = PBXBuildFile; fileRef = 2362A520216A6297000C8046 /* FundsService.swift */; };
		2362A523216A639B000C8046 /* FundsServiceTarget.swift in Sources */ = {isa = PBXBuildFile; fileRef = 2362A522216A639B000C8046 /* FundsServiceTarget.swift */; };
		23674226216D307E006D57B8 /* FundsCoordinator.swift in Sources */ = {isa = PBXBuildFile; fileRef = 23674225216D307E006D57B8 /* FundsCoordinator.swift */; };
		236A406B2167AF9C0044ACA8 /* AppDelegate.swift in Sources */ = {isa = PBXBuildFile; fileRef = 236A406A2167AF9C0044ACA8 /* AppDelegate.swift */; };
		236A40722167AF9E0044ACA8 /* Assets.xcassets in Resources */ = {isa = PBXBuildFile; fileRef = 236A40712167AF9E0044ACA8 /* Assets.xcassets */; };
		236A40752167AF9E0044ACA8 /* LaunchScreen.storyboard in Resources */ = {isa = PBXBuildFile; fileRef = 236A40732167AF9E0044ACA8 /* LaunchScreen.storyboard */; };
		239CBF5F21AF2D00007EA761 /* RequestSettingsService.swift in Sources */ = {isa = PBXBuildFile; fileRef = 239CBF5E21AF2D00007EA761 /* RequestSettingsService.swift */; };
		239CBF6221AF341E007EA761 /* PollService.swift in Sources */ = {isa = PBXBuildFile; fileRef = 239CBF6121AF341E007EA761 /* PollService.swift */; };
		23BFB28C217E5B2100A948B6 /* Observable.swift in Sources */ = {isa = PBXBuildFile; fileRef = 23BFB28B217E5B2100A948B6 /* Observable.swift */; };
		23BFB28E217E5DD100A948B6 /* Observer.swift in Sources */ = {isa = PBXBuildFile; fileRef = 23BFB28D217E5DD100A948B6 /* Observer.swift */; };
/* End PBXBuildFile section */

/* Begin PBXCopyFilesBuildPhase section */
		233A9A142171DCAA000A5F88 /* Embed Frameworks */ = {
			isa = PBXCopyFilesBuildPhase;
			buildActionMask = 2147483647;
			dstPath = "";
			dstSubfolderSpec = 10;
			files = (
				233A9A132171DCAA000A5F88 /* SwiftyBeaver.framework in Embed Frameworks */,
				233A9A182171DCC9000A5F88 /* SnapKit.framework in Embed Frameworks */,
			);
			name = "Embed Frameworks";
			runOnlyForDeploymentPostprocessing = 0;
		};
/* End PBXCopyFilesBuildPhase section */

/* Begin PBXFileReference section */
		231B3C38217FA13C00DA62DB /* RoundImageView.swift */ = {isa = PBXFileReference; fileEncoding = 4; lastKnownFileType = sourcecode.swift; path = RoundImageView.swift; sourceTree = "<group>"; };
		231B3C3E217FA44B00DA62DB /* FundsModule.swift */ = {isa = PBXFileReference; lastKnownFileType = sourcecode.swift; path = FundsModule.swift; sourceTree = "<group>"; };
		231B3C42217FA56D00DA62DB /* FundsView.swift */ = {isa = PBXFileReference; lastKnownFileType = sourcecode.swift; path = FundsView.swift; sourceTree = "<group>"; };
		231B3C46217FA9E200DA62DB /* ViewHolder.swift */ = {isa = PBXFileReference; lastKnownFileType = sourcecode.swift; path = ViewHolder.swift; sourceTree = "<group>"; };
		233A99F5216FDDEC000A5F88 /* FundsTableViewCell.swift */ = {isa = PBXFileReference; lastKnownFileType = sourcecode.swift; path = FundsTableViewCell.swift; sourceTree = "<group>"; };
		233A9A0D21712434000A5F88 /* UnderlinedTextField.swift */ = {isa = PBXFileReference; lastKnownFileType = sourcecode.swift; path = UnderlinedTextField.swift; sourceTree = "<group>"; };
		233A9A152171DCB9000A5F88 /* SnapKit.framework */ = {isa = PBXFileReference; lastKnownFileType = wrapper.framework; name = SnapKit.framework; path = Carthage/Build/iOS/SnapKit.framework; sourceTree = "<group>"; };
		2362A4C52167B720000C8046 /* SwiftyBeaver.framework */ = {isa = PBXFileReference; lastKnownFileType = wrapper.framework; name = SwiftyBeaver.framework; path = Carthage/Build/iOS/SwiftyBeaver.framework; sourceTree = "<group>"; };
		2362A4CF2167F538000C8046 /* Presentable.swift */ = {isa = PBXFileReference; lastKnownFileType = sourcecode.swift; path = Presentable.swift; sourceTree = "<group>"; };
		2362A4D22167F8AA000C8046 /* Routable.swift */ = {isa = PBXFileReference; lastKnownFileType = sourcecode.swift; path = Routable.swift; sourceTree = "<group>"; };
		2362A4D42167FACB000C8046 /* Coordinator.swift */ = {isa = PBXFileReference; lastKnownFileType = sourcecode.swift; path = Coordinator.swift; sourceTree = "<group>"; };
		2362A4D72167FB22000C8046 /* BaseCoordinator.swift */ = {isa = PBXFileReference; lastKnownFileType = sourcecode.swift; path = BaseCoordinator.swift; sourceTree = "<group>"; };
		2362A4D92167FDE6000C8046 /* AppRouter.swift */ = {isa = PBXFileReference; lastKnownFileType = sourcecode.swift; path = AppRouter.swift; sourceTree = "<group>"; };
		2362A4DB2168069D000C8046 /* NavigationRouter.swift */ = {isa = PBXFileReference; lastKnownFileType = sourcecode.swift; path = NavigationRouter.swift; sourceTree = "<group>"; };
		2362A4E221689DD3000C8046 /* ApiTarget.swift */ = {isa = PBXFileReference; lastKnownFileType = sourcecode.swift; path = ApiTarget.swift; sourceTree = "<group>"; };
		2362A4E421689E75000C8046 /* HTTPMethod.swift */ = {isa = PBXFileReference; lastKnownFileType = sourcecode.swift; path = HTTPMethod.swift; sourceTree = "<group>"; };
		2362A4EA216A0E00000C8046 /* Mapper.swift */ = {isa = PBXFileReference; lastKnownFileType = sourcecode.swift; path = Mapper.swift; sourceTree = "<group>"; };
		2362A4F0216A3171000C8046 /* ApiRequester.swift */ = {isa = PBXFileReference; lastKnownFileType = sourcecode.swift; path = ApiRequester.swift; sourceTree = "<group>"; };
		2362A4F4216A339A000C8046 /* Log.swift */ = {isa = PBXFileReference; lastKnownFileType = sourcecode.swift; path = Log.swift; sourceTree = "<group>"; };
		2362A4F7216A33D5000C8046 /* ApiError.swift */ = {isa = PBXFileReference; lastKnownFileType = sourcecode.swift; path = ApiError.swift; sourceTree = "<group>"; };
		2362A4FA216A3499000C8046 /* LocalizedString.swift */ = {isa = PBXFileReference; lastKnownFileType = sourcecode.swift; path = LocalizedString.swift; sourceTree = "<group>"; };
		2362A4FD216A35DC000C8046 /* JsonObjectMapper.swift */ = {isa = PBXFileReference; lastKnownFileType = sourcecode.swift; path = JsonObjectMapper.swift; sourceTree = "<group>"; };
		2362A500216A3916000C8046 /* ApiService.swift */ = {isa = PBXFileReference; lastKnownFileType = sourcecode.swift; path = ApiService.swift; sourceTree = "<group>"; };
		2362A505216A3DB2000C8046 /* Config.plist */ = {isa = PBXFileReference; lastKnownFileType = text.plist.xml; path = Config.plist; sourceTree = "<group>"; };
		2362A508216A3E76000C8046 /* Configurator.swift */ = {isa = PBXFileReference; lastKnownFileType = sourcecode.swift; path = Configurator.swift; sourceTree = "<group>"; };
		2362A50A216A3F09000C8046 /* ConfigService.swift */ = {isa = PBXFileReference; lastKnownFileType = sourcecode.swift; path = ConfigService.swift; sourceTree = "<group>"; };
		2362A514216A462D000C8046 /* URLRequest+Encoding.swift */ = {isa = PBXFileReference; lastKnownFileType = sourcecode.swift; path = "URLRequest+Encoding.swift"; sourceTree = "<group>"; };
		2362A51B216A5FB7000C8046 /* FundsType.swift */ = {isa = PBXFileReference; lastKnownFileType = sourcecode.swift; path = FundsType.swift; sourceTree = "<group>"; };
		2362A51D216A60CB000C8046 /* Funds.swift */ = {isa = PBXFileReference; lastKnownFileType = sourcecode.swift; path = Funds.swift; sourceTree = "<group>"; };
		2362A520216A6297000C8046 /* FundsService.swift */ = {isa = PBXFileReference; lastKnownFileType = sourcecode.swift; path = FundsService.swift; sourceTree = "<group>"; };
		2362A522216A639B000C8046 /* FundsServiceTarget.swift */ = {isa = PBXFileReference; lastKnownFileType = sourcecode.swift; path = FundsServiceTarget.swift; sourceTree = "<group>"; };
		23674225216D307E006D57B8 /* FundsCoordinator.swift */ = {isa = PBXFileReference; lastKnownFileType = sourcecode.swift; path = FundsCoordinator.swift; sourceTree = "<group>"; };
		236A40672167AF9C0044ACA8 /* RevolutTest.app */ = {isa = PBXFileReference; explicitFileType = wrapper.application; includeInIndex = 0; path = RevolutTest.app; sourceTree = BUILT_PRODUCTS_DIR; };
		236A406A2167AF9C0044ACA8 /* AppDelegate.swift */ = {isa = PBXFileReference; lastKnownFileType = sourcecode.swift; path = AppDelegate.swift; sourceTree = "<group>"; };
		236A40712167AF9E0044ACA8 /* Assets.xcassets */ = {isa = PBXFileReference; lastKnownFileType = folder.assetcatalog; path = Assets.xcassets; sourceTree = "<group>"; };
		236A40742167AF9E0044ACA8 /* Base */ = {isa = PBXFileReference; lastKnownFileType = file.storyboard; name = Base; path = Base.lproj/LaunchScreen.storyboard; sourceTree = "<group>"; };
		236A40762167AF9E0044ACA8 /* Info.plist */ = {isa = PBXFileReference; lastKnownFileType = text.plist.xml; path = Info.plist; sourceTree = "<group>"; };
		239CBF5E21AF2D00007EA761 /* RequestSettingsService.swift */ = {isa = PBXFileReference; lastKnownFileType = sourcecode.swift; path = RequestSettingsService.swift; sourceTree = "<group>"; };
		239CBF6121AF341E007EA761 /* PollService.swift */ = {isa = PBXFileReference; lastKnownFileType = sourcecode.swift; path = PollService.swift; sourceTree = "<group>"; };
		23BFB28B217E5B2100A948B6 /* Observable.swift */ = {isa = PBXFileReference; lastKnownFileType = sourcecode.swift; path = Observable.swift; sourceTree = "<group>"; };
		23BFB28D217E5DD100A948B6 /* Observer.swift */ = {isa = PBXFileReference; lastKnownFileType = sourcecode.swift; path = Observer.swift; sourceTree = "<group>"; };
/* End PBXFileReference section */

/* Begin PBXFrameworksBuildPhase section */
		236A40642167AF9C0044ACA8 /* Frameworks */ = {
			isa = PBXFrameworksBuildPhase;
			buildActionMask = 2147483647;
			files = (
				233A9A122171DCAA000A5F88 /* SwiftyBeaver.framework in Frameworks */,
			);
			runOnlyForDeploymentPostprocessing = 0;
		};
/* End PBXFrameworksBuildPhase section */

/* Begin PBXGroup section */
		231B3C2E217F9A2F00DA62DB /* Common */ = {
			isa = PBXGroup;
			children = (
				23BFB28A217E5B1300A948B6 /* Observable */,
			);
			path = Common;
			sourceTree = "<group>";
		};
		231B3C36217FA13C00DA62DB /* Common */ = {
			isa = PBXGroup;
			children = (
				231B3C44217FA9BB00DA62DB /* Protocols */,
				231B3C37217FA13C00DA62DB /* Views */,
			);
			path = Common;
			sourceTree = "<group>";
		};
		231B3C37217FA13C00DA62DB /* Views */ = {
			isa = PBXGroup;
			children = (
				231B3C38217FA13C00DA62DB /* RoundImageView.swift */,
			);
			path = Views;
			sourceTree = "<group>";
		};
		231B3C41217FA4EE00DA62DB /* Cells */ = {
			isa = PBXGroup;
			children = (
				233A99F5216FDDEC000A5F88 /* FundsTableViewCell.swift */,
				233A9A0D21712434000A5F88 /* UnderlinedTextField.swift */,
			);
			path = Cells;
			sourceTree = "<group>";
		};
		231B3C44217FA9BB00DA62DB /* Protocols */ = {
			isa = PBXGroup;
			children = (
				231B3C45217FA9C500DA62DB /* Views */,
			);
			path = Protocols;
			sourceTree = "<group>";
		};
		231B3C45217FA9C500DA62DB /* Views */ = {
			isa = PBXGroup;
			children = (
				231B3C46217FA9E200DA62DB /* ViewHolder.swift */,
			);
			path = Views;
			sourceTree = "<group>";
		};
		231E91E421ADC8010070B4AB /* FundsService */ = {
			isa = PBXGroup;
			children = (
				2362A520216A6297000C8046 /* FundsService.swift */,
				2362A522216A639B000C8046 /* FundsServiceTarget.swift */,
			);
			path = FundsService;
			sourceTree = "<group>";
		};
		233A99F2216FDDA4000A5F88 /* FundsModule */ = {
			isa = PBXGroup;
			children = (
				233A99F3216FDDB2000A5F88 /* Views */,
				231B3C3E217FA44B00DA62DB /* FundsModule.swift */,
			);
			path = FundsModule;
			sourceTree = "<group>";
		};
		233A99F3216FDDB2000A5F88 /* Views */ = {
			isa = PBXGroup;
			children = (
				231B3C41217FA4EE00DA62DB /* Cells */,
				231B3C42217FA56D00DA62DB /* FundsView.swift */,
			);
			path = Views;
			sourceTree = "<group>";
		};
		2362A4C42167B720000C8046 /* Frameworks */ = {
			isa = PBXGroup;
			children = (
				233A9A152171DCB9000A5F88 /* SnapKit.framework */,
				2362A4C52167B720000C8046 /* SwiftyBeaver.framework */,
			);
			name = Frameworks;
			sourceTree = "<group>";
		};
		2362A4CC2167F4D9000C8046 /* ApplicationLayer */ = {
			isa = PBXGroup;
			children = (
				236A406A2167AF9C0044ACA8 /* AppDelegate.swift */,
				231B3C2E217F9A2F00DA62DB /* Common */,
				2362A519216A5F9E000C8046 /* Enitites */,
				2362A4E121689D74000C8046 /* Network */,
				2362A4CD2167F4E4000C8046 /* CoreLayer */,
				2362A4F2216A338F000C8046 /* Helpers */,
			);
			path = ApplicationLayer;
			sourceTree = "<group>";
		};
		2362A4CD2167F4E4000C8046 /* CoreLayer */ = {
			isa = PBXGroup;
			children = (
				239CBF6021AF33FB007EA761 /* PollService */,
				239CBF5D21AF2CE4007EA761 /* SettingsService */,
				2362A507216A3E5F000C8046 /* ConfigService */,
				2362A4CE2167F4EB000C8046 /* Coordinator */,
			);
			path = CoreLayer;
			sourceTree = "<group>";
		};
		2362A4CE2167F4EB000C8046 /* Coordinator */ = {
			isa = PBXGroup;
			children = (
				2362A4D62167FAFA000C8046 /* BaseCoordinator */,
				2362A4D12167F896000C8046 /* Router */,
				2362A4CF2167F538000C8046 /* Presentable.swift */,
			);
			path = Coordinator;
			sourceTree = "<group>";
		};
		2362A4D12167F896000C8046 /* Router */ = {
			isa = PBXGroup;
			children = (
				2362A4D22167F8AA000C8046 /* Routable.swift */,
				2362A4D92167FDE6000C8046 /* AppRouter.swift */,
				2362A4DB2168069D000C8046 /* NavigationRouter.swift */,
			);
			path = Router;
			sourceTree = "<group>";
		};
		2362A4D62167FAFA000C8046 /* BaseCoordinator */ = {
			isa = PBXGroup;
			children = (
				2362A4D42167FACB000C8046 /* Coordinator.swift */,
				2362A4D72167FB22000C8046 /* BaseCoordinator.swift */,
			);
			path = BaseCoordinator;
			sourceTree = "<group>";
		};
		2362A4E121689D74000C8046 /* Network */ = {
			isa = PBXGroup;
			children = (
				2362A51F216A628C000C8046 /* Services */,
				2362A511216A45CD000C8046 /* Transport */,
			);
			path = Network;
			sourceTree = "<group>";
		};
		2362A4F2216A338F000C8046 /* Helpers */ = {
			isa = PBXGroup;
			children = (
				2362A4F9216A3490000C8046 /* Localization */,
				2362A4F3216A3395000C8046 /* Log */,
			);
			path = Helpers;
			sourceTree = "<group>";
		};
		2362A4F3216A3395000C8046 /* Log */ = {
			isa = PBXGroup;
			children = (
				2362A4F4216A339A000C8046 /* Log.swift */,
			);
			path = Log;
			sourceTree = "<group>";
		};
		2362A4F6216A33CE000C8046 /* Errors */ = {
			isa = PBXGroup;
			children = (
				2362A4F7216A33D5000C8046 /* ApiError.swift */,
			);
			path = Errors;
			sourceTree = "<group>";
		};
		2362A4F9216A3490000C8046 /* Localization */ = {
			isa = PBXGroup;
			children = (
				2362A4FA216A3499000C8046 /* LocalizedString.swift */,
			);
			path = Localization;
			sourceTree = "<group>";
		};
		2362A4FC216A35BB000C8046 /* Mapper */ = {
			isa = PBXGroup;
			children = (
				2362A4EA216A0E00000C8046 /* Mapper.swift */,
				2362A4FD216A35DC000C8046 /* JsonObjectMapper.swift */,
			);
			path = Mapper;
			sourceTree = "<group>";
		};
		2362A4FF216A3903000C8046 /* ApiRequester */ = {
			isa = PBXGroup;
			children = (
				2362A4F0216A3171000C8046 /* ApiRequester.swift */,
				2362A500216A3916000C8046 /* ApiService.swift */,
			);
			path = ApiRequester;
			sourceTree = "<group>";
		};
		2362A503216A3D51000C8046 /* Resources */ = {
			isa = PBXGroup;
			children = (
				2362A504216A3D6F000C8046 /* Config */,
			);
			path = Resources;
			sourceTree = "<group>";
		};
		2362A504216A3D6F000C8046 /* Config */ = {
			isa = PBXGroup;
			children = (
				236A40762167AF9E0044ACA8 /* Info.plist */,
				2362A505216A3DB2000C8046 /* Config.plist */,
			);
			path = Config;
			sourceTree = "<group>";
		};
		2362A507216A3E5F000C8046 /* ConfigService */ = {
			isa = PBXGroup;
			children = (
				2362A508216A3E76000C8046 /* Configurator.swift */,
				2362A50A216A3F09000C8046 /* ConfigService.swift */,
			);
			path = ConfigService;
			sourceTree = "<group>";
		};
		2362A511216A45CD000C8046 /* Transport */ = {
			isa = PBXGroup;
			children = (
				2362A4E221689DD3000C8046 /* ApiTarget.swift */,
				2362A4E421689E75000C8046 /* HTTPMethod.swift */,
				2362A512216A460A000C8046 /* Helpers */,
				2362A4FC216A35BB000C8046 /* Mapper */,
				2362A4FF216A3903000C8046 /* ApiRequester */,
				2362A4F6216A33CE000C8046 /* Errors */,
			);
			path = Transport;
			sourceTree = "<group>";
		};
		2362A512216A460A000C8046 /* Helpers */ = {
			isa = PBXGroup;
			children = (
				2362A513216A4614000C8046 /* URLRequest+Encoding */,
			);
			path = Helpers;
			sourceTree = "<group>";
		};
		2362A513216A4614000C8046 /* URLRequest+Encoding */ = {
			isa = PBXGroup;
			children = (
				2362A514216A462D000C8046 /* URLRequest+Encoding.swift */,
			);
			path = "URLRequest+Encoding";
			sourceTree = "<group>";
		};
		2362A519216A5F9E000C8046 /* Enitites */ = {
			isa = PBXGroup;
			children = (
				2362A51A216A5FA9000C8046 /* Funds */,
			);
			path = Enitites;
			sourceTree = "<group>";
		};
		2362A51A216A5FA9000C8046 /* Funds */ = {
			isa = PBXGroup;
			children = (
				2362A51B216A5FB7000C8046 /* FundsType.swift */,
				2362A51D216A60CB000C8046 /* Funds.swift */,
			);
			path = Funds;
			sourceTree = "<group>";
		};
		2362A51F216A628C000C8046 /* Services */ = {
			isa = PBXGroup;
			children = (
				231E91E421ADC8010070B4AB /* FundsService */,
			);
			path = Services;
			sourceTree = "<group>";
		};
		23674222216D3049006D57B8 /* PresentationLayer */ = {
			isa = PBXGroup;
			children = (
				231B3C36217FA13C00DA62DB /* Common */,
				23674223216D305B006D57B8 /* Flows */,
			);
			path = PresentationLayer;
			sourceTree = "<group>";
		};
		23674223216D305B006D57B8 /* Flows */ = {
			isa = PBXGroup;
			children = (
				23674224216D3067006D57B8 /* FundsFlow */,
			);
			path = Flows;
			sourceTree = "<group>";
		};
		23674224216D3067006D57B8 /* FundsFlow */ = {
			isa = PBXGroup;
			children = (
				233A99F2216FDDA4000A5F88 /* FundsModule */,
				23674225216D307E006D57B8 /* FundsCoordinator.swift */,
			);
			path = FundsFlow;
			sourceTree = "<group>";
		};
		236A405E2167AF9C0044ACA8 = {
			isa = PBXGroup;
			children = (
				236A40692167AF9C0044ACA8 /* RevolutTest */,
				236A40682167AF9C0044ACA8 /* Products */,
				2362A4C42167B720000C8046 /* Frameworks */,
			);
			sourceTree = "<group>";
		};
		236A40682167AF9C0044ACA8 /* Products */ = {
			isa = PBXGroup;
			children = (
				236A40672167AF9C0044ACA8 /* RevolutTest.app */,
			);
			name = Products;
			sourceTree = "<group>";
		};
		236A40692167AF9C0044ACA8 /* RevolutTest */ = {
			isa = PBXGroup;
			children = (
				23674222216D3049006D57B8 /* PresentationLayer */,
				2362A4CC2167F4D9000C8046 /* ApplicationLayer */,
				236A40712167AF9E0044ACA8 /* Assets.xcassets */,
				236A40732167AF9E0044ACA8 /* LaunchScreen.storyboard */,
				2362A503216A3D51000C8046 /* Resources */,
			);
			path = RevolutTest;
			sourceTree = "<group>";
		};
		239CBF5D21AF2CE4007EA761 /* SettingsService */ = {
			isa = PBXGroup;
			children = (
				239CBF5E21AF2D00007EA761 /* RequestSettingsService.swift */,
			);
			path = SettingsService;
			sourceTree = "<group>";
		};
		239CBF6021AF33FB007EA761 /* PollService */ = {
			isa = PBXGroup;
			children = (
				239CBF6121AF341E007EA761 /* PollService.swift */,
			);
			path = PollService;
			sourceTree = "<group>";
		};
		23BFB28A217E5B1300A948B6 /* Observable */ = {
			isa = PBXGroup;
			children = (
				23BFB28B217E5B2100A948B6 /* Observable.swift */,
				23BFB28D217E5DD100A948B6 /* Observer.swift */,
			);
			path = Observable;
			sourceTree = "<group>";
		};
/* End PBXGroup section */

/* Begin PBXNativeTarget section */
		236A40662167AF9C0044ACA8 /* RevolutTest */ = {
			isa = PBXNativeTarget;
			buildConfigurationList = 236A40792167AF9E0044ACA8 /* Build configuration list for PBXNativeTarget "RevolutTest" */;
			buildPhases = (
				236A40632167AF9C0044ACA8 /* Sources */,
				236A40642167AF9C0044ACA8 /* Frameworks */,
				236A40652167AF9C0044ACA8 /* Resources */,
				2362A4CA2167B756000C8046 /* Carthage copy script */,
				2362A4CB2167B9EE000C8046 /* ShellScript */,
				233A9A142171DCAA000A5F88 /* Embed Frameworks */,
			);
			buildRules = (
			);
			dependencies = (
			);
			name = RevolutTest;
			productName = RevolutTest;
			productReference = 236A40672167AF9C0044ACA8 /* RevolutTest.app */;
			productType = "com.apple.product-type.application";
		};
/* End PBXNativeTarget section */

/* Begin PBXProject section */
		236A405F2167AF9C0044ACA8 /* Project object */ = {
			isa = PBXProject;
			attributes = {
				LastSwiftUpdateCheck = 1010;
				LastUpgradeCheck = 1010;
				ORGANIZATIONNAME = "Egor Petrov";
				TargetAttributes = {
					236A40662167AF9C0044ACA8 = {
						CreatedOnToolsVersion = 10.1;
					};
				};
			};
			buildConfigurationList = 236A40622167AF9C0044ACA8 /* Build configuration list for PBXProject "RevolutTest" */;
			compatibilityVersion = "Xcode 9.3";
			developmentRegion = en;
			hasScannedForEncodings = 0;
			knownRegions = (
				en,
				Base,
			);
			mainGroup = 236A405E2167AF9C0044ACA8;
			productRefGroup = 236A40682167AF9C0044ACA8 /* Products */;
			projectDirPath = "";
			projectRoot = "";
			targets = (
				236A40662167AF9C0044ACA8 /* RevolutTest */,
			);
		};
/* End PBXProject section */

/* Begin PBXResourcesBuildPhase section */
		236A40652167AF9C0044ACA8 /* Resources */ = {
			isa = PBXResourcesBuildPhase;
			buildActionMask = 2147483647;
			files = (
				236A40752167AF9E0044ACA8 /* LaunchScreen.storyboard in Resources */,
				2362A506216A3DB2000C8046 /* Config.plist in Resources */,
				236A40722167AF9E0044ACA8 /* Assets.xcassets in Resources */,
			);
			runOnlyForDeploymentPostprocessing = 0;
		};
/* End PBXResourcesBuildPhase section */

/* Begin PBXShellScriptBuildPhase section */
		2362A4CA2167B756000C8046 /* Carthage copy script */ = {
			isa = PBXShellScriptBuildPhase;
			buildActionMask = 2147483647;
			files = (
			);
			inputFileListPaths = (
			);
			inputPaths = (
				"$(SRCROOT)/Carthage/Build/iOS/SwiftyBeaver.framework",
				"$(SRCROOT)/Carthage/Build/iOS/SnapKit.framework",
			);
			name = "Carthage copy script";
			outputFileListPaths = (
			);
			outputPaths = (
			);
			runOnlyForDeploymentPostprocessing = 0;
			shellPath = /bin/sh;
			shellScript = "/usr/local/bin/carthage copy-frameworks\n";
		};
		2362A4CB2167B9EE000C8046 /* ShellScript */ = {
			isa = PBXShellScriptBuildPhase;
			buildActionMask = 2147483647;
			files = (
			);
			inputFileListPaths = (
			);
			inputPaths = (
			);
			outputFileListPaths = (
			);
			outputPaths = (
			);
			runOnlyForDeploymentPostprocessing = 0;
			shellPath = /bin/sh;
			shellScript = "if which swiftlint >/dev/null; then\nswiftlint\nelse\necho \"warning: SwiftLint not installed, download from https://github.com/realm/SwiftLint\"\nfi\n";
		};
/* End PBXShellScriptBuildPhase section */

/* Begin PBXSourcesBuildPhase section */
		236A40632167AF9C0044ACA8 /* Sources */ = {
			isa = PBXSourcesBuildPhase;
			buildActionMask = 2147483647;
			files = (
				2362A4D52167FACB000C8046 /* Coordinator.swift in Sources */,
				2362A509216A3E76000C8046 /* Configurator.swift in Sources */,
				2362A4D82167FB22000C8046 /* BaseCoordinator.swift in Sources */,
				2362A4F5216A339A000C8046 /* Log.swift in Sources */,
				2362A521216A6297000C8046 /* FundsService.swift in Sources */,
				231B3C47217FA9E200DA62DB /* ViewHolder.swift in Sources */,
				231B3C43217FA56D00DA62DB /* FundsView.swift in Sources */,
				2362A4DC2168069D000C8046 /* NavigationRouter.swift in Sources */,
				233A9A0E21712434000A5F88 /* UnderlinedTextField.swift in Sources */,
				2362A4E321689DD3000C8046 /* ApiTarget.swift in Sources */,
				2362A51E216A60CB000C8046 /* Funds.swift in Sources */,
				239CBF6221AF341E007EA761 /* PollService.swift in Sources */,
				236A406B2167AF9C0044ACA8 /* AppDelegate.swift in Sources */,
				2362A501216A3916000C8046 /* ApiService.swift in Sources */,
				2362A51C216A5FB7000C8046 /* FundsType.swift in Sources */,
				2362A4EB216A0E00000C8046 /* Mapper.swift in Sources */,
				2362A515216A462D000C8046 /* URLRequest+Encoding.swift in Sources */,
				23674226216D307E006D57B8 /* FundsCoordinator.swift in Sources */,
				2362A4E521689E75000C8046 /* HTTPMethod.swift in Sources */,
				239CBF5F21AF2D00007EA761 /* RequestSettingsService.swift in Sources */,
				2362A4DA2167FDE6000C8046 /* AppRouter.swift in Sources */,
				2362A523216A639B000C8046 /* FundsServiceTarget.swift in Sources */,
				233A99F6216FDDEC000A5F88 /* FundsTableViewCell.swift in Sources */,
				2362A4D02167F538000C8046 /* Presentable.swift in Sources */,
				231B3C39217FA13C00DA62DB /* RoundImageView.swift in Sources */,
				231B3C3F217FA44B00DA62DB /* FundsModule.swift in Sources */,
				2362A4FB216A3499000C8046 /* LocalizedString.swift in Sources */,
				23BFB28E217E5DD100A948B6 /* Observer.swift in Sources */,
				2362A4F8216A33D5000C8046 /* ApiError.swift in Sources */,
				2362A4F1216A3171000C8046 /* ApiRequester.swift in Sources */,
				2362A50B216A3F09000C8046 /* ConfigService.swift in Sources */,
				23BFB28C217E5B2100A948B6 /* Observable.swift in Sources */,
				2362A4D32167F8AA000C8046 /* Routable.swift in Sources */,
				2362A4FE216A35DC000C8046 /* JsonObjectMapper.swift in Sources */,
			);
			runOnlyForDeploymentPostprocessing = 0;
		};
/* End PBXSourcesBuildPhase section */

/* Begin PBXVariantGroup section */
		236A40732167AF9E0044ACA8 /* LaunchScreen.storyboard */ = {
			isa = PBXVariantGroup;
			children = (
				236A40742167AF9E0044ACA8 /* Base */,
			);
			name = LaunchScreen.storyboard;
			sourceTree = "<group>";
		};
/* End PBXVariantGroup section */

/* Begin XCBuildConfiguration section */
		236A40772167AF9E0044ACA8 /* Debug */ = {
			isa = XCBuildConfiguration;
			buildSettings = {
				ALWAYS_SEARCH_USER_PATHS = NO;
				CLANG_ANALYZER_NONNULL = YES;
				CLANG_ANALYZER_NUMBER_OBJECT_CONVERSION = YES_AGGRESSIVE;
				CLANG_CXX_LANGUAGE_STANDARD = "gnu++14";
				CLANG_CXX_LIBRARY = "libc++";
				CLANG_ENABLE_MODULES = YES;
				CLANG_ENABLE_OBJC_ARC = YES;
				CLANG_ENABLE_OBJC_WEAK = YES;
				CLANG_WARN_BLOCK_CAPTURE_AUTORELEASING = YES;
				CLANG_WARN_BOOL_CONVERSION = YES;
				CLANG_WARN_COMMA = YES;
				CLANG_WARN_CONSTANT_CONVERSION = YES;
				CLANG_WARN_DEPRECATED_OBJC_IMPLEMENTATIONS = YES;
				CLANG_WARN_DIRECT_OBJC_ISA_USAGE = YES_ERROR;
				CLANG_WARN_DOCUMENTATION_COMMENTS = YES;
				CLANG_WARN_EMPTY_BODY = YES;
				CLANG_WARN_ENUM_CONVERSION = YES;
				CLANG_WARN_INFINITE_RECURSION = YES;
				CLANG_WARN_INT_CONVERSION = YES;
				CLANG_WARN_NON_LITERAL_NULL_CONVERSION = YES;
				CLANG_WARN_OBJC_IMPLICIT_RETAIN_SELF = YES;
				CLANG_WARN_OBJC_LITERAL_CONVERSION = YES;
				CLANG_WARN_OBJC_ROOT_CLASS = YES_ERROR;
				CLANG_WARN_RANGE_LOOP_ANALYSIS = YES;
				CLANG_WARN_STRICT_PROTOTYPES = YES;
				CLANG_WARN_SUSPICIOUS_MOVE = YES;
				CLANG_WARN_UNGUARDED_AVAILABILITY = YES_AGGRESSIVE;
				CLANG_WARN_UNREACHABLE_CODE = YES;
				CLANG_WARN__DUPLICATE_METHOD_MATCH = YES;
				CODE_SIGN_IDENTITY = "iPhone Developer";
				COPY_PHASE_STRIP = NO;
				DEBUG_INFORMATION_FORMAT = dwarf;
				ENABLE_STRICT_OBJC_MSGSEND = YES;
				ENABLE_TESTABILITY = YES;
				GCC_C_LANGUAGE_STANDARD = gnu11;
				GCC_DYNAMIC_NO_PIC = NO;
				GCC_NO_COMMON_BLOCKS = YES;
				GCC_OPTIMIZATION_LEVEL = 0;
				GCC_PREPROCESSOR_DEFINITIONS = (
					"DEBUG=1",
					"$(inherited)",
				);
				GCC_WARN_64_TO_32_BIT_CONVERSION = YES;
				GCC_WARN_ABOUT_RETURN_TYPE = YES_ERROR;
				GCC_WARN_UNDECLARED_SELECTOR = YES;
				GCC_WARN_UNINITIALIZED_AUTOS = YES_AGGRESSIVE;
				GCC_WARN_UNUSED_FUNCTION = YES;
				GCC_WARN_UNUSED_VARIABLE = YES;
				IPHONEOS_DEPLOYMENT_TARGET = 10.0;
				MTL_ENABLE_DEBUG_INFO = INCLUDE_SOURCE;
				MTL_FAST_MATH = YES;
				ONLY_ACTIVE_ARCH = YES;
				SDKROOT = iphoneos;
				SWIFT_ACTIVE_COMPILATION_CONDITIONS = DEBUG;
				SWIFT_OPTIMIZATION_LEVEL = "-Onone";
			};
			name = Debug;
		};
		236A40782167AF9E0044ACA8 /* Release */ = {
			isa = XCBuildConfiguration;
			buildSettings = {
				ALWAYS_SEARCH_USER_PATHS = NO;
				CLANG_ANALYZER_NONNULL = YES;
				CLANG_ANALYZER_NUMBER_OBJECT_CONVERSION = YES_AGGRESSIVE;
				CLANG_CXX_LANGUAGE_STANDARD = "gnu++14";
				CLANG_CXX_LIBRARY = "libc++";
				CLANG_ENABLE_MODULES = YES;
				CLANG_ENABLE_OBJC_ARC = YES;
				CLANG_ENABLE_OBJC_WEAK = YES;
				CLANG_WARN_BLOCK_CAPTURE_AUTORELEASING = YES;
				CLANG_WARN_BOOL_CONVERSION = YES;
				CLANG_WARN_COMMA = YES;
				CLANG_WARN_CONSTANT_CONVERSION = YES;
				CLANG_WARN_DEPRECATED_OBJC_IMPLEMENTATIONS = YES;
				CLANG_WARN_DIRECT_OBJC_ISA_USAGE = YES_ERROR;
				CLANG_WARN_DOCUMENTATION_COMMENTS = YES;
				CLANG_WARN_EMPTY_BODY = YES;
				CLANG_WARN_ENUM_CONVERSION = YES;
				CLANG_WARN_INFINITE_RECURSION = YES;
				CLANG_WARN_INT_CONVERSION = YES;
				CLANG_WARN_NON_LITERAL_NULL_CONVERSION = YES;
				CLANG_WARN_OBJC_IMPLICIT_RETAIN_SELF = YES;
				CLANG_WARN_OBJC_LITERAL_CONVERSION = YES;
				CLANG_WARN_OBJC_ROOT_CLASS = YES_ERROR;
				CLANG_WARN_RANGE_LOOP_ANALYSIS = YES;
				CLANG_WARN_STRICT_PROTOTYPES = YES;
				CLANG_WARN_SUSPICIOUS_MOVE = YES;
				CLANG_WARN_UNGUARDED_AVAILABILITY = YES_AGGRESSIVE;
				CLANG_WARN_UNREACHABLE_CODE = YES;
				CLANG_WARN__DUPLICATE_METHOD_MATCH = YES;
				CODE_SIGN_IDENTITY = "iPhone Developer";
				COPY_PHASE_STRIP = NO;
				DEBUG_INFORMATION_FORMAT = "dwarf-with-dsym";
				ENABLE_NS_ASSERTIONS = NO;
				ENABLE_STRICT_OBJC_MSGSEND = YES;
				GCC_C_LANGUAGE_STANDARD = gnu11;
				GCC_NO_COMMON_BLOCKS = YES;
				GCC_WARN_64_TO_32_BIT_CONVERSION = YES;
				GCC_WARN_ABOUT_RETURN_TYPE = YES_ERROR;
				GCC_WARN_UNDECLARED_SELECTOR = YES;
				GCC_WARN_UNINITIALIZED_AUTOS = YES_AGGRESSIVE;
				GCC_WARN_UNUSED_FUNCTION = YES;
				GCC_WARN_UNUSED_VARIABLE = YES;
				IPHONEOS_DEPLOYMENT_TARGET = 10.0;
				MTL_ENABLE_DEBUG_INFO = NO;
				MTL_FAST_MATH = YES;
				SDKROOT = iphoneos;
				SWIFT_COMPILATION_MODE = wholemodule;
				SWIFT_OPTIMIZATION_LEVEL = "-O";
				VALIDATE_PRODUCT = YES;
			};
			name = Release;
		};
		236A407A2167AF9E0044ACA8 /* Debug */ = {
			isa = XCBuildConfiguration;
			buildSettings = {
				ASSETCATALOG_COMPILER_APPICON_NAME = AppIcon;
				CODE_SIGN_STYLE = Automatic;
				DEVELOPMENT_TEAM = MEH36U69XD;
				FRAMEWORK_SEARCH_PATHS = (
					"$(inherited)",
					"$(PROJECT_DIR)/Carthage/Build/iOS",
				);
				INFOPLIST_FILE = "$(SRCROOT)/RevolutTest/Resources/Config/Info.plist";
				IPHONEOS_DEPLOYMENT_TARGET = 10.0;
				LD_RUNPATH_SEARCH_PATHS = (
					"$(inherited)",
					"@executable_path/Frameworks",
				);
				PRODUCT_BUNDLE_IDENTIFIER = EPProjects.RevolutTest;
				PRODUCT_NAME = "$(TARGET_NAME)";
				SWIFT_VERSION = 4.2;
				TARGETED_DEVICE_FAMILY = "1,2";
			};
			name = Debug;
		};
		236A407B2167AF9E0044ACA8 /* Release */ = {
			isa = XCBuildConfiguration;
			buildSettings = {
				ASSETCATALOG_COMPILER_APPICON_NAME = AppIcon;
				CODE_SIGN_STYLE = Automatic;
				DEVELOPMENT_TEAM = MEH36U69XD;
				FRAMEWORK_SEARCH_PATHS = (
					"$(inherited)",
					"$(PROJECT_DIR)/Carthage/Build/iOS",
				);
				INFOPLIST_FILE = "$(SRCROOT)/RevolutTest/Resources/Config/Info.plist";
				IPHONEOS_DEPLOYMENT_TARGET = 10.0;
				LD_RUNPATH_SEARCH_PATHS = (
					"$(inherited)",
					"@executable_path/Frameworks",
				);
				PRODUCT_BUNDLE_IDENTIFIER = EPProjects.RevolutTest;
				PRODUCT_NAME = "$(TARGET_NAME)";
				SWIFT_VERSION = 4.2;
				TARGETED_DEVICE_FAMILY = "1,2";
			};
			name = Release;
		};
/* End XCBuildConfiguration section */

/* Begin XCConfigurationList section */
		236A40622167AF9C0044ACA8 /* Build configuration list for PBXProject "RevolutTest" */ = {
			isa = XCConfigurationList;
			buildConfigurations = (
				236A40772167AF9E0044ACA8 /* Debug */,
				236A40782167AF9E0044ACA8 /* Release */,
			);
			defaultConfigurationIsVisible = 0;
			defaultConfigurationName = Release;
		};
		236A40792167AF9E0044ACA8 /* Build configuration list for PBXNativeTarget "RevolutTest" */ = {
			isa = XCConfigurationList;
			buildConfigurations = (
				236A407A2167AF9E0044ACA8 /* Debug */,
				236A407B2167AF9E0044ACA8 /* Release */,
			);
			defaultConfigurationIsVisible = 0;
			defaultConfigurationName = Release;
		};
/* End XCConfigurationList section */
	};
	rootObject = 236A405F2167AF9C0044ACA8 /* Project object */;
}
